<?xml version="1.0" encoding="UTF-8"?>
<CONFIG>
  <ProjectOptions>
    <Version Value="12"/>
    <PathDelim Value="\"/>
    <General>
      <Flags>
        <CompatibilityMode Value="True"/>
      </Flags>
      <Title Value="simpleswfconvertor"/>
      <ResourceType Value="res"/>
      <Icon Value="0"/>
    </General>
    <i18n>
      <EnableI18N LFM="False"/>
    </i18n>
    <BuildModes Count="2" Active="Windows 64 bit">
      <Item1 Name="Windows 32 bit" Default="True"/>
      <Item2 Name="Windows 64 bit">
        <CompilerOptions>
          <Version Value="11"/>
          <PathDelim Value="\"/>
          <Target>
            <Filename Value="simpleswfconvertor64"/>
          </Target>
          <SearchPaths>
            <IncludeFiles Value="$(ProjOutDir)"/>
            <UnitOutputDirectory Value="lib\$(TargetCPU)-$(TargetOS)"/>
          </SearchPaths>
          <CodeGeneration>
            <SmartLinkUnit Value="True"/>
            <TargetCPU Value="x86_64"/>
            <TargetOS Value="win64"/>
            <Optimizations>
              <OptimizationLevel Value="0"/>
            </Optimizations>
          </CodeGeneration>
          <Linking>
            <Debugging>
              <GenerateDebugInfo Value="False"/>
              <UseLineInfoUnit Value="False"/>
            </Debugging>
            <LinkSmart Value="True"/>
            <Options>
              <Win32>
                <GraphicApplication Value="True"/>
              </Win32>
            </Options>
          </Linking>
        </CompilerOptions>
      </Item2>
    </BuildModes>
    <ManyBuildModesSelection Value="&quot;Windows 32 bit&quot;,&quot;Windows 64 bit&quot;"/>
    <PublishOptions>
      <Version Value="2"/>
    </PublishOptions>
    <RunParams>
      <FormatVersion Value="2"/>
      <Modes Count="1">
        <Mode0 Name="default"/>
      </Modes>
    </RunParams>
    <RequiredPackages Count="1">
      <Item1>
        <PackageName Value="LCL"/>
      </Item1>
    </RequiredPackages>
    <Units Count="2">
      <Unit0>
        <Filename Value="simpleswfconvertor.lpr"/>
        <IsPartOfProject Value="True"/>
        <EditorIndex Value="-1"/>
        <TopLine Value="4"/>
        <CursorPos Y="19"/>
        <UsageCount Value="28"/>
      </Unit0>
      <Unit1>
        <Filename Value="simpleswfconvertorcode.pas"/>
        <IsPartOfProject Value="True"/>
        <ComponentName Value="MainWindow"/>
        <HasResources Value="True"/>
        <ResourceBaseClass Value="Form"/>
        <IsVisibleTab Value="True"/>
        <CursorPos X="73" Y="182"/>
        <UsageCount Value="28"/>
        <Loaded Value="True"/>
        <LoadedDesigner Value="True"/>
      </Unit1>
    </Units>
    <JumpHistory Count="29" HistoryIndex="28">
      <Position1>
        <Filename Value="simpleswfconvertorcode.pas"/>
        <Caret Line="121" Column="24" TopLine="113"/>
      </Position1>
      <Position2>
        <Filename Value="simpleswfconvertorcode.pas"/>
        <Caret Line="135" Column="2" TopLine="130"/>
      </Position2>
      <Position3>
        <Filename Value="simpleswfconvertorcode.pas"/>
        <Caret Line="136" Column="2" TopLine="131"/>
      </Position3>
      <Position4>
        <Filename Value="simpleswfconvertorcode.pas"/>
        <Caret Line="137" Column="2" TopLine="132"/>
      </Position4>
      <Position5>
        <Filename Value="simpleswfconvertorcode.pas"/>
        <Caret Line="94" Column="35" TopLine="63"/>
      </Position5>
      <Position6>
        <Filename Value="simpleswfconvertorcode.pas"/>
        <Caret Line="183" Column="2" TopLine="167"/>
      </Position6>
      <Position7>
        <Filename Value="simpleswfconvertorcode.pas"/>
        <Caret Line="190" Column="64" TopLine="187"/>
      </Position7>
      <Position8>
        <Filename Value="simpleswfconvertorcode.pas"/>
        <Caret Line="55" Column="74" TopLine="50"/>
      </Position8>
      <Position9>
        <Filename Value="simpleswfconvertorcode.pas"/>
        <Caret Line="54" Column="74" TopLine="49"/>
      </Position9>
      <Position10>
        <Filename Value="simpleswfconvertorcode.pas"/>
        <Caret Line="53" Column="74" TopLine="48"/>
      </Position10>
      <Position11>
        <Filename Value="simpleswfconvertorcode.pas"/>
        <Caret Line="52" Column="74" TopLine="47"/>
      </Position11>
      <Position12>
        <Filename Value="simpleswfconvertorcode.pas"/>
        <Caret Line="9" Column="45"/>
      </Position12>
      <Position13>
        <Filename Value="simpleswfconvertorcode.pas"/>
        <Caret Line="194" Column="6" TopLine="183"/>
      </Position13>
      <Position14>
        <Filename Value="simpleswfconvertorcode.pas"/>
        <Caret Line="150" TopLine="129"/>
      </Position14>
      <Position15>
        <Filename Value="simpleswfconvertorcode.pas"/>
        <Caret Line="81" Column="5" TopLine="72"/>
      </Position15>
      <Position16>
        <Filename Value="simpleswfconvertorcode.pas"/>
        <Caret Line="40" Column="44" TopLine="36"/>
      </Position16>
      <Position17>
        <Filename Value="simpleswfconvertorcode.pas"/>
        <Caret Line="226" Column="102" TopLine="127"/>
      </Position17>
      <Position18>
        <Filename Value="simpleswfconvertorcode.pas"/>
        <Caret Line="70" Column="13" TopLine="64"/>
      </Position18>
      <Position19>
        <Filename Value="simpleswfconvertorcode.pas"/>
        <Caret Line="226" Column="55" TopLine="201"/>
      </Position19>
      <Position20>
        <Filename Value="simpleswfconvertorcode.pas"/>
        <Caret Line="74" Column="13" TopLine="65"/>
      </Position20>
      <Position21>
        <Filename Value="simpleswfconvertorcode.pas"/>
        <Caret Line="58" Column="13" TopLine="50"/>
      </Position21>
      <Position22>
        <Filename Value="simpleswfconvertorcode.pas"/>
        <Caret Line="225" Column="14" TopLine="211"/>
      </Position22>
      <Position23>
        <Filename Value="simpleswfconvertorcode.pas"/>
        <Caret Line="75" Column="13" TopLine="62"/>
      </Position23>
      <Position24>
        <Filename Value="simpleswfconvertorcode.pas"/>
        <Caret Line="226" Column="121" TopLine="220"/>
      </Position24>
      <Position25>
        <Filename Value="simpleswfconvertorcode.pas"/>
        <Caret Line="53" Column="20" TopLine="42"/>
      </Position25>
      <Position26>
        <Filename Value="simpleswfconvertorcode.pas"/>
        <Caret Line="77" Column="34" TopLine="71"/>
      </Position26>
      <Position27>
        <Filename Value="simpleswfconvertorcode.pas"/>
        <Caret Line="212" Column="120" TopLine="205"/>
      </Position27>
      <Position28>
        <Filename Value="simpleswfconvertorcode.pas"/>
        <Caret Line="50" Column="23" TopLine="43"/>
      </Position28>
      <Position29>
        <Filename Value="simpleswfconvertorcode.pas"/>
        <Caret Line="216" Column="98" TopLine="210"/>
      </Position29>
    </JumpHistory>
  </ProjectOptions>
  <CompilerOptions>
    <Version Value="11"/>
    <PathDelim Value="\"/>
    <Target>
      <Filename Value="simpleswfconvertor"/>
    </Target>
    <SearchPaths>
      <IncludeFiles Value="$(ProjOutDir)"/>
      <UnitOutputDirectory Value="lib\$(TargetCPU)-$(TargetOS)"/>
    </SearchPaths>
    <CodeGeneration>
      <SmartLinkUnit Value="True"/>
      <TargetProcessor Value="80386"/>
      <TargetCPU Value="i386"/>
      <TargetOS Value="win32"/>
      <Optimizations>
        <OptimizationLevel Value="0"/>
      </Optimizations>
    </CodeGeneration>
    <Linking>
      <Debugging>
        <GenerateDebugInfo Value="False"/>
        <UseLineInfoUnit Value="False"/>
      </Debugging>
      <LinkSmart Value="True"/>
      <Options>
        <Win32>
          <GraphicApplication Value="True"/>
        </Win32>
      </Options>
    </Linking>
  </CompilerOptions>
  <Debugging>
    <Exceptions Count="3">
      <Item1>
        <Name Value="EAbort"/>
      </Item1>
      <Item2>
        <Name Value="ECodetoolError"/>
      </Item2>
      <Item3>
        <Name Value="EFOpenError"/>
      </Item3>
    </Exceptions>
  </Debugging>
</CONFIG>
